
Microsoft Visual Studio Solution File, Format Version 12.00
# Visual Studio Version 17
VisualStudioVersion = 17.4.33122.133
MinimumVisualStudioVersion = 10.0.40219.1
Project("{FAE04EC0-301F-11D3-BF4B-00C04F79EFBC}") = "ПМ.07_Соадминистрирование", "ПМ.07_Соадминистрирование.csproj", "{005AB5B2-08ED-4127-9531-41AC2C9B5E59}"
EndProject
Global
	GlobalSection(SolutionConfigurationPlatforms) = preSolution
		Debug|Any CPU = Debug|Any CPU
		Release|Any CPU = Release|Any CPU
	EndGlobalSection
	GlobalSection(ProjectConfigurationPlatforms) = postSolution
		{005AB5B2-08ED-4127-9531-41AC2C9B5E59}.Debug|Any CPU.ActiveCfg = Debug|Any CPU
		{005AB5B2-08ED-4127-9531-41AC2C9B5E59}.Debug|Any CPU.Build.0 = Debug|Any CPU
		{005AB5B2-08ED-4127-9531-41AC2C9B5E59}.Release|Any CPU.ActiveCfg = Release|Any CPU
		{005AB5B2-08ED-4127-9531-41AC2C9B5E59}.Release|Any CPU.Build.0 = Release|Any CPU
	EndGlobalSection
	GlobalSection(SolutionProperties) = preSolution
		HideSolutionNode = FALSE
	EndGlobalSection
	GlobalSection(ExtensibilityGlobals) = postSolution
		SolutionGuid = {60163B3E-4358-4D1C-BB23-AE5109447B79}
	EndGlobalSection
EndGlobal
